{
    "version": 3,
    "terraform_version": "0.11.13",
    "serial": 8,
    "lineage": "ac2af607-39dd-78f1-3e8c-ee517198c9ea",
    "modules": [
        {
            "path": [
                "root"
            ],
            "outputs": {},
            "resources": {
                "aws_alb.main": {
                    "type": "aws_alb",
                    "depends_on": [
                        "aws_security_group.lb",
                        "aws_subnet.public.*"
                    ],
                    "primary": {
                        "id": "arn:aws:elasticloadbalancing:eu-west-2:743259902374:loadbalancer/app/tf-ecs-chat/fcdbd20c96590964",
                        "attributes": {
                            "access_logs.#": "0",
                            "arn": "arn:aws:elasticloadbalancing:eu-west-2:743259902374:loadbalancer/app/tf-ecs-chat/fcdbd20c96590964",
                            "arn_suffix": "app/tf-ecs-chat/fcdbd20c96590964",
                            "dns_name": "tf-ecs-chat-188386310.eu-west-2.elb.amazonaws.com",
                            "enable_deletion_protection": "false",
                            "enable_http2": "true",
                            "id": "arn:aws:elasticloadbalancing:eu-west-2:743259902374:loadbalancer/app/tf-ecs-chat/fcdbd20c96590964",
                            "idle_timeout": "60",
                            "internal": "false",
                            "ip_address_type": "ipv4",
                            "load_balancer_type": "application",
                            "name": "tf-ecs-chat",
                            "security_groups.#": "1",
                            "security_groups.1907007295": "sg-0c8c112f0413f9aa3",
                            "subnet_mapping.#": "0",
                            "subnets.#": "2",
                            "subnets.2983511333": "subnet-0a6d97d0f4ecd7af8",
                            "subnets.635126804": "subnet-045cd71ed15e92c84",
                            "tags.%": "0",
                            "vpc_id": "vpc-0f936db37c6ca4211",
                            "zone_id": "ZHURV8PSTC4K8"
                        },
                        "meta": {
                            "e2bfb730-ecaa-11e6-8f88-34363bc7c4c0": {
                                "create": 600000000000,
                                "delete": 600000000000,
                                "update": 600000000000
                            }
                        },
                        "tainted": false
                    },
                    "deposed": [],
                    "provider": "provider.aws"
                },
                "aws_alb_listener.front_end": {
                    "type": "aws_alb_listener",
                    "depends_on": [
                        "aws_alb.main",
                        "aws_alb_target_group.app"
                    ],
                    "primary": {
                        "id": "arn:aws:elasticloadbalancing:eu-west-2:743259902374:listener/app/tf-ecs-chat/fcdbd20c96590964/1d11776c93d6e518",
                        "attributes": {
                            "arn": "arn:aws:elasticloadbalancing:eu-west-2:743259902374:listener/app/tf-ecs-chat/fcdbd20c96590964/1d11776c93d6e518",
                            "default_action.#": "1",
                            "default_action.0.authenticate_cognito.#": "0",
                            "default_action.0.authenticate_oidc.#": "0",
                            "default_action.0.fixed_response.#": "0",
                            "default_action.0.order": "1",
                            "default_action.0.redirect.#": "0",
                            "default_action.0.target_group_arn": "arn:aws:elasticloadbalancing:eu-west-2:743259902374:targetgroup/tf-ecs-chat/7f32c2b99dbc55b9",
                            "default_action.0.type": "forward",
                            "id": "arn:aws:elasticloadbalancing:eu-west-2:743259902374:listener/app/tf-ecs-chat/fcdbd20c96590964/1d11776c93d6e518",
                            "load_balancer_arn": "arn:aws:elasticloadbalancing:eu-west-2:743259902374:loadbalancer/app/tf-ecs-chat/fcdbd20c96590964",
                            "port": "80",
                            "protocol": "HTTP",
                            "ssl_policy": ""
                        },
                        "meta": {
                            "e2bfb730-ecaa-11e6-8f88-34363bc7c4c0": {
                                "read": 600000000000
                            }
                        },
                        "tainted": false
                    },
                    "deposed": [],
                    "provider": "provider.aws"
                },
                "aws_alb_target_group.app": {
                    "type": "aws_alb_target_group",
                    "depends_on": [
                        "aws_vpc.main"
                    ],
                    "primary": {
                        "id": "arn:aws:elasticloadbalancing:eu-west-2:743259902374:targetgroup/tf-ecs-chat/7f32c2b99dbc55b9",
                        "attributes": {
                            "arn": "arn:aws:elasticloadbalancing:eu-west-2:743259902374:targetgroup/tf-ecs-chat/7f32c2b99dbc55b9",
                            "arn_suffix": "targetgroup/tf-ecs-chat/7f32c2b99dbc55b9",
                            "deregistration_delay": "300",
                            "health_check.#": "1",
                            "health_check.0.enabled": "true",
                            "health_check.0.healthy_threshold": "5",
                            "health_check.0.interval": "30",
                            "health_check.0.matcher": "200",
                            "health_check.0.path": "/",
                            "health_check.0.port": "traffic-port",
                            "health_check.0.protocol": "HTTP",
                            "health_check.0.timeout": "5",
                            "health_check.0.unhealthy_threshold": "2",
                            "id": "arn:aws:elasticloadbalancing:eu-west-2:743259902374:targetgroup/tf-ecs-chat/7f32c2b99dbc55b9",
                            "lambda_multi_value_headers_enabled": "false",
                            "name": "tf-ecs-chat",
                            "port": "8080",
                            "protocol": "HTTP",
                            "proxy_protocol_v2": "false",
                            "slow_start": "0",
                            "stickiness.#": "1",
                            "stickiness.0.cookie_duration": "86400",
                            "stickiness.0.enabled": "false",
                            "stickiness.0.type": "lb_cookie",
                            "tags.%": "0",
                            "target_type": "ip",
                            "vpc_id": "vpc-0f936db37c6ca4211"
                        },
                        "meta": {},
                        "tainted": false
                    },
                    "deposed": [],
                    "provider": "provider.aws"
                },
                "aws_ecs_cluster.main": {
                    "type": "aws_ecs_cluster",
                    "depends_on": [],
                    "primary": {
                        "id": "arn:aws:ecs:eu-west-2:743259902374:cluster/tf-ecs-cluster",
                        "attributes": {
                            "arn": "arn:aws:ecs:eu-west-2:743259902374:cluster/tf-ecs-cluster",
                            "id": "arn:aws:ecs:eu-west-2:743259902374:cluster/tf-ecs-cluster",
                            "name": "tf-ecs-cluster",
                            "tags.%": "0"
                        },
                        "meta": {},
                        "tainted": false
                    },
                    "deposed": [],
                    "provider": "provider.aws"
                },
                "aws_ecs_service.main": {
                    "type": "aws_ecs_service",
                    "depends_on": [
                        "aws_alb_listener.front_end",
                        "aws_alb_target_group.app",
                        "aws_ecs_cluster.main",
                        "aws_ecs_task_definition.app",
                        "aws_security_group.ecs_tasks",
                        "aws_subnet.public.*"
                    ],
                    "primary": {
                        "id": "arn:aws:ecs:eu-west-2:743259902374:service/tf-ecs-service",
                        "attributes": {
                            "cluster": "arn:aws:ecs:eu-west-2:743259902374:cluster/tf-ecs-cluster",
                            "deployment_controller.#": "1",
                            "deployment_controller.0.type": "ECS",
                            "deployment_maximum_percent": "200",
                            "deployment_minimum_healthy_percent": "100",
                            "desired_count": "2",
                            "enable_ecs_managed_tags": "false",
                            "health_check_grace_period_seconds": "0",
                            "iam_role": "aws-service-role",
                            "id": "arn:aws:ecs:eu-west-2:743259902374:service/tf-ecs-service",
                            "launch_type": "FARGATE",
                            "load_balancer.#": "1",
                            "load_balancer.663326311.container_name": "app",
                            "load_balancer.663326311.container_port": "8080",
                            "load_balancer.663326311.elb_name": "",
                            "load_balancer.663326311.target_group_arn": "arn:aws:elasticloadbalancing:eu-west-2:743259902374:targetgroup/tf-ecs-chat/7f32c2b99dbc55b9",
                            "name": "tf-ecs-service",
                            "network_configuration.#": "1",
                            "network_configuration.0.assign_public_ip": "false",
                            "network_configuration.0.security_groups.#": "1",
                            "network_configuration.0.security_groups.3087467864": "sg-0cfedaba47335454a",
                            "network_configuration.0.subnets.#": "2",
                            "network_configuration.0.subnets.2983511333": "subnet-0a6d97d0f4ecd7af8",
                            "network_configuration.0.subnets.635126804": "subnet-045cd71ed15e92c84",
                            "ordered_placement_strategy.#": "0",
                            "placement_constraints.#": "0",
                            "placement_strategy.#": "0",
                            "platform_version": "LATEST",
                            "propagate_tags": "NONE",
                            "scheduling_strategy": "REPLICA",
                            "service_registries.#": "0",
                            "tags.%": "0",
                            "task_definition": "arn:aws:ecs:eu-west-2:743259902374:task-definition/app:2"
                        },
                        "meta": {},
                        "tainted": false
                    },
                    "deposed": [],
                    "provider": "provider.aws"
                },
                "aws_ecs_task_definition.app": {
                    "type": "aws_ecs_task_definition",
                    "depends_on": [],
                    "primary": {
                        "id": "app",
                        "attributes": {
                            "arn": "arn:aws:ecs:eu-west-2:743259902374:task-definition/app:2",
                            "container_definitions": "[{\"cpu\":256,\"environment\":[],\"essential\":true,\"image\":\"janakerman/exemplar-service:latest\",\"memory\":512,\"mountPoints\":[],\"name\":\"app\",\"portMappings\":[{\"containerPort\":8080,\"hostPort\":8080,\"protocol\":\"tcp\"}],\"volumesFrom\":[]}]",
                            "cpu": "256",
                            "execution_role_arn": "",
                            "family": "app",
                            "id": "app",
                            "memory": "512",
                            "network_mode": "awsvpc",
                            "placement_constraints.#": "0",
                            "requires_compatibilities.#": "1",
                            "requires_compatibilities.3072437307": "FARGATE",
                            "revision": "2",
                            "tags.%": "0",
                            "task_role_arn": "",
                            "volume.#": "0"
                        },
                        "meta": {
                            "schema_version": "1"
                        },
                        "tainted": false
                    },
                    "deposed": [],
                    "provider": "provider.aws"
                },
                "aws_internet_gateway.gw": {
                    "type": "aws_internet_gateway",
                    "depends_on": [
                        "aws_vpc.main"
                    ],
                    "primary": {
                        "id": "igw-00fb7f89d6c96ab2b",
                        "attributes": {
                            "id": "igw-00fb7f89d6c96ab2b",
                            "owner_id": "743259902374",
                            "tags.%": "0",
                            "vpc_id": "vpc-0f936db37c6ca4211"
                        },
                        "meta": {},
                        "tainted": false
                    },
                    "deposed": [],
                    "provider": "provider.aws"
                },
                "aws_route.internet_access": {
                    "type": "aws_route",
                    "depends_on": [
                        "aws_internet_gateway.gw",
                        "aws_vpc.main"
                    ],
                    "primary": {
                        "id": "r-rtb-09e258d77b37e45301080289494",
                        "attributes": {
                            "destination_cidr_block": "0.0.0.0/0",
                            "destination_prefix_list_id": "",
                            "egress_only_gateway_id": "",
                            "gateway_id": "igw-00fb7f89d6c96ab2b",
                            "id": "r-rtb-09e258d77b37e45301080289494",
                            "instance_id": "",
                            "instance_owner_id": "",
                            "nat_gateway_id": "",
                            "network_interface_id": "",
                            "origin": "CreateRoute",
                            "route_table_id": "rtb-09e258d77b37e4530",
                            "state": "active",
                            "transit_gateway_id": "",
                            "vpc_peering_connection_id": ""
                        },
                        "meta": {
                            "e2bfb730-ecaa-11e6-8f88-34363bc7c4c0": {
                                "create": 120000000000,
                                "delete": 300000000000
                            }
                        },
                        "tainted": false
                    },
                    "deposed": [],
                    "provider": "provider.aws"
                },
                "aws_security_group.ecs_tasks": {
                    "type": "aws_security_group",
                    "depends_on": [
                        "aws_security_group.lb",
                        "aws_vpc.main"
                    ],
                    "primary": {
                        "id": "sg-0cfedaba47335454a",
                        "attributes": {
                            "arn": "arn:aws:ec2:eu-west-2:743259902374:security-group/sg-0cfedaba47335454a",
                            "description": "allow inbound access from the ALB only",
                            "egress.#": "1",
                            "egress.482069346.cidr_blocks.#": "1",
                            "egress.482069346.cidr_blocks.0": "0.0.0.0/0",
                            "egress.482069346.description": "",
                            "egress.482069346.from_port": "0",
                            "egress.482069346.ipv6_cidr_blocks.#": "0",
                            "egress.482069346.prefix_list_ids.#": "0",
                            "egress.482069346.protocol": "-1",
                            "egress.482069346.security_groups.#": "0",
                            "egress.482069346.self": "false",
                            "egress.482069346.to_port": "0",
                            "id": "sg-0cfedaba47335454a",
                            "ingress.#": "1",
                            "ingress.611095828.cidr_blocks.#": "0",
                            "ingress.611095828.description": "",
                            "ingress.611095828.from_port": "8080",
                            "ingress.611095828.ipv6_cidr_blocks.#": "0",
                            "ingress.611095828.prefix_list_ids.#": "0",
                            "ingress.611095828.protocol": "tcp",
                            "ingress.611095828.security_groups.#": "1",
                            "ingress.611095828.security_groups.1907007295": "sg-0c8c112f0413f9aa3",
                            "ingress.611095828.self": "false",
                            "ingress.611095828.to_port": "8080",
                            "name": "tf-ecs-tasks",
                            "owner_id": "743259902374",
                            "revoke_rules_on_delete": "false",
                            "tags.%": "0",
                            "vpc_id": "vpc-0f936db37c6ca4211"
                        },
                        "meta": {
                            "e2bfb730-ecaa-11e6-8f88-34363bc7c4c0": {
                                "create": 600000000000,
                                "delete": 600000000000
                            },
                            "schema_version": "1"
                        },
                        "tainted": false
                    },
                    "deposed": [],
                    "provider": "provider.aws"
                },
                "aws_security_group.lb": {
                    "type": "aws_security_group",
                    "depends_on": [
                        "aws_vpc.main"
                    ],
                    "primary": {
                        "id": "sg-0c8c112f0413f9aa3",
                        "attributes": {
                            "arn": "arn:aws:ec2:eu-west-2:743259902374:security-group/sg-0c8c112f0413f9aa3",
                            "description": "controls access to the ALB",
                            "egress.#": "1",
                            "egress.482069346.cidr_blocks.#": "1",
                            "egress.482069346.cidr_blocks.0": "0.0.0.0/0",
                            "egress.482069346.description": "",
                            "egress.482069346.from_port": "0",
                            "egress.482069346.ipv6_cidr_blocks.#": "0",
                            "egress.482069346.prefix_list_ids.#": "0",
                            "egress.482069346.protocol": "-1",
                            "egress.482069346.security_groups.#": "0",
                            "egress.482069346.self": "false",
                            "egress.482069346.to_port": "0",
                            "id": "sg-0c8c112f0413f9aa3",
                            "ingress.#": "1",
                            "ingress.2214680975.cidr_blocks.#": "1",
                            "ingress.2214680975.cidr_blocks.0": "0.0.0.0/0",
                            "ingress.2214680975.description": "",
                            "ingress.2214680975.from_port": "80",
                            "ingress.2214680975.ipv6_cidr_blocks.#": "0",
                            "ingress.2214680975.prefix_list_ids.#": "0",
                            "ingress.2214680975.protocol": "tcp",
                            "ingress.2214680975.security_groups.#": "0",
                            "ingress.2214680975.self": "false",
                            "ingress.2214680975.to_port": "80",
                            "name": "tf-ecs-alb",
                            "owner_id": "743259902374",
                            "revoke_rules_on_delete": "false",
                            "tags.%": "0",
                            "vpc_id": "vpc-0f936db37c6ca4211"
                        },
                        "meta": {
                            "e2bfb730-ecaa-11e6-8f88-34363bc7c4c0": {
                                "create": 600000000000,
                                "delete": 600000000000
                            },
                            "schema_version": "1"
                        },
                        "tainted": false
                    },
                    "deposed": [],
                    "provider": "provider.aws"
                },
                "aws_subnet.public.0": {
                    "type": "aws_subnet",
                    "depends_on": [
                        "aws_vpc.main",
                        "data.aws_availability_zones.available"
                    ],
                    "primary": {
                        "id": "subnet-0a6d97d0f4ecd7af8",
                        "attributes": {
                            "arn": "arn:aws:ec2:eu-west-2:743259902374:subnet/subnet-0a6d97d0f4ecd7af8",
                            "assign_ipv6_address_on_creation": "false",
                            "availability_zone": "eu-west-2a",
                            "availability_zone_id": "euw2-az2",
                            "cidr_block": "172.17.2.0/24",
                            "id": "subnet-0a6d97d0f4ecd7af8",
                            "ipv6_cidr_block": "",
                            "ipv6_cidr_block_association_id": "",
                            "map_public_ip_on_launch": "true",
                            "owner_id": "743259902374",
                            "tags.%": "0",
                            "vpc_id": "vpc-0f936db37c6ca4211"
                        },
                        "meta": {
                            "e2bfb730-ecaa-11e6-8f88-34363bc7c4c0": {
                                "create": 600000000000,
                                "delete": 600000000000
                            },
                            "schema_version": "1"
                        },
                        "tainted": false
                    },
                    "deposed": [],
                    "provider": "provider.aws"
                },
                "aws_subnet.public.1": {
                    "type": "aws_subnet",
                    "depends_on": [
                        "aws_vpc.main",
                        "data.aws_availability_zones.available"
                    ],
                    "primary": {
                        "id": "subnet-045cd71ed15e92c84",
                        "attributes": {
                            "arn": "arn:aws:ec2:eu-west-2:743259902374:subnet/subnet-045cd71ed15e92c84",
                            "assign_ipv6_address_on_creation": "false",
                            "availability_zone": "eu-west-2b",
                            "availability_zone_id": "euw2-az3",
                            "cidr_block": "172.17.3.0/24",
                            "id": "subnet-045cd71ed15e92c84",
                            "ipv6_cidr_block": "",
                            "ipv6_cidr_block_association_id": "",
                            "map_public_ip_on_launch": "true",
                            "owner_id": "743259902374",
                            "tags.%": "0",
                            "vpc_id": "vpc-0f936db37c6ca4211"
                        },
                        "meta": {
                            "e2bfb730-ecaa-11e6-8f88-34363bc7c4c0": {
                                "create": 600000000000,
                                "delete": 600000000000
                            },
                            "schema_version": "1"
                        },
                        "tainted": false
                    },
                    "deposed": [],
                    "provider": "provider.aws"
                },
                "aws_vpc.main": {
                    "type": "aws_vpc",
                    "depends_on": [],
                    "primary": {
                        "id": "vpc-0f936db37c6ca4211",
                        "attributes": {
                            "arn": "arn:aws:ec2:eu-west-2:743259902374:vpc/vpc-0f936db37c6ca4211",
                            "assign_generated_ipv6_cidr_block": "false",
                            "cidr_block": "172.17.0.0/16",
                            "default_network_acl_id": "acl-0b5ab2fb6aa36c5be",
                            "default_route_table_id": "rtb-09e258d77b37e4530",
                            "default_security_group_id": "sg-0064533fa2f8c39a8",
                            "dhcp_options_id": "dopt-5d18b335",
                            "enable_dns_hostnames": "false",
                            "enable_dns_support": "true",
                            "id": "vpc-0f936db37c6ca4211",
                            "instance_tenancy": "default",
                            "ipv6_association_id": "",
                            "ipv6_cidr_block": "",
                            "main_route_table_id": "rtb-09e258d77b37e4530",
                            "owner_id": "743259902374",
                            "tags.%": "0"
                        },
                        "meta": {
                            "schema_version": "1"
                        },
                        "tainted": false
                    },
                    "deposed": [],
                    "provider": "provider.aws"
                },
                "data.aws_availability_zones.available": {
                    "type": "aws_availability_zones",
                    "depends_on": [],
                    "primary": {
                        "id": "2019-04-22 15:21:42.693878 +0000 UTC",
                        "attributes": {
                            "id": "2019-04-22 15:21:42.693878 +0000 UTC",
                            "names.#": "3",
                            "names.0": "eu-west-2a",
                            "names.1": "eu-west-2b",
                            "names.2": "eu-west-2c",
                            "zone_ids.#": "3",
                            "zone_ids.0": "euw2-az2",
                            "zone_ids.1": "euw2-az3",
                            "zone_ids.2": "euw2-az1"
                        },
                        "meta": {},
                        "tainted": false
                    },
                    "deposed": [],
                    "provider": "provider.aws"
                }
            },
            "depends_on": []
        }
    ]
}
